
Microsoft Visual Studio Solution File, Format Version 12.00
# Visual Studio 15
VisualStudioVersion = 15.0.28010.2016
MinimumVisualStudioVersion = 10.0.40219.1
Project("{FAE04EC0-301F-11D3-BF4B-00C04F79EFBC}") = "E-Medicene Store Web", "E-Medicene Store Web\E-Medicene Store Web.csproj", "{33F9FB18-8783-4B99-BC42-64D6C6E9828E}"
EndProject
Global
	GlobalSection(SolutionConfigurationPlatforms) = preSolution
		Debug|Any CPU = Debug|Any CPU
		Release|Any CPU = Release|Any CPU
	EndGlobalSection
	GlobalSection(ProjectConfigurationPlatforms) = postSolution
		{33F9FB18-8783-4B99-BC42-64D6C6E9828E}.Debug|Any CPU.ActiveCfg = Debug|Any CPU
		{33F9FB18-8783-4B99-BC42-64D6C6E9828E}.Debug|Any CPU.Build.0 = Debug|Any CPU
		{33F9FB18-8783-4B99-BC42-64D6C6E9828E}.Release|Any CPU.ActiveCfg = Release|Any CPU
		{33F9FB18-8783-4B99-BC42-64D6C6E9828E}.Release|Any CPU.Build.0 = Release|Any CPU
	EndGlobalSection
	GlobalSection(SolutionProperties) = preSolution
		HideSolutionNode = FALSE
	EndGlobalSection
	GlobalSection(ExtensibilityGlobals) = postSolution
		SolutionGuid = {84BC9759-2457-4355-8A82-319A74F8AA2C}
	EndGlobalSection
EndGlobal
